{
  "version": "5",
  "specifiers": {
    "jsr:@cross/deepmerge@1": "1.0.1",
    "jsr:@cross/dir@^1.1.0": "1.1.1",
    "jsr:@cross/env@1": "1.0.3",
    "jsr:@cross/fs@~0.1.11": "0.1.14",
    "jsr:@cross/fs@~0.1.14": "0.1.14",
    "jsr:@cross/runtime@1": "1.2.1",
    "jsr:@cross/utils@0.16": "0.16.0",
    "jsr:@libs/xml@^7.0.3": "7.0.3",
    "jsr:@std/assert@^1.0.17": "1.0.19",
    "jsr:@std/assert@^1.0.18": "1.0.19",
    "jsr:@std/assert@^1.0.19": "1.0.19",
    "jsr:@std/async@^1.1.0": "1.2.0",
    "jsr:@std/collections@^1.1.3": "1.1.6",
    "jsr:@std/data-structures@^1.0.10": "1.0.10",
    "jsr:@std/expect@^1.0.17": "1.0.18",
    "jsr:@std/fs@^1.0.22": "1.0.23",
    "jsr:@std/ini@~0.225.2": "0.225.2",
    "jsr:@std/internal@^1.0.12": "1.0.12",
    "jsr:@std/json@^1.0.2": "1.0.3",
    "jsr:@std/jsonc@^1.0.2": "1.0.2",
    "jsr:@std/path@^1.0.8": "1.1.4",
    "jsr:@std/path@^1.1.4": "1.1.4",
    "jsr:@std/testing@^1.0.17": "1.0.17",
    "jsr:@std/toml@^1.0.11": "1.0.11",
    "jsr:@std/yaml@^1.0.11": "1.0.12",
    "jsr:@zod/zod@^4.3.6": "4.3.6"
  },
  "jsr": {
    "@cross/deepmerge@1.0.1": {
      "integrity": "7a224229f1a463087d62cef8729d26263ed4f5e3c2f2bfec64fc0a16a9dbc754"
    },
    "@cross/dir@1.1.1": {
      "integrity": "b90bd555fb1c145c38b3925c319a92ace4c7de200512dbc9347b70ce7b8a4324",
      "dependencies": [
        "jsr:@cross/env",
        "jsr:@cross/runtime",
        "jsr:@cross/utils"
      ]
    },
    "@cross/env@1.0.3": {
      "integrity": "218d2dd68bec55cf047d1670a8bddc304b9c011a8ad22e647afa916bb796c8b4",
      "dependencies": [
        "jsr:@cross/deepmerge",
        "jsr:@cross/runtime"
      ]
    },
    "@cross/fs@0.1.14": {
      "integrity": "d59c53ef26e02d1d0369b0bcf1d01dbac89ef2fbc938c00ae9d8e7ed281ae96b",
      "dependencies": [
        "jsr:@cross/dir",
        "jsr:@cross/env",
        "jsr:@cross/runtime",
        "jsr:@std/path@^1.0.8"
      ]
    },
    "@cross/runtime@1.2.1": {
      "integrity": "f462fcf2fd678f9073291b4e55209b90f58c8d508764a84205d178abdcf22fc9"
    },
    "@cross/utils@0.16.0": {
      "integrity": "c6333cafd9be41a04c449655120989b8f3601322f7344db30f9d00eef7bc942f",
      "dependencies": [
        "jsr:@cross/fs@~0.1.11",
        "jsr:@cross/runtime"
      ]
    },
    "@libs/xml@7.0.3": {
      "integrity": "4caad75dfec0a4dd4ad5dc87dc559d9aa25ac53f17373923a9cd006f6c8d42e6"
    },
    "@std/assert@1.0.19": {
      "integrity": "eaada96ee120cb980bc47e040f82814d786fe8162ecc53c91d8df60b8755991e",
      "dependencies": [
        "jsr:@std/internal"
      ]
    },
    "@std/async@1.2.0": {
      "integrity": "c059c6f6d95ca7cc012ae8e8d7164d1697113d54b0b679e4372b354b11c2dee5"
    },
    "@std/collections@1.1.5": {
      "integrity": "c37cc6bbbbf90fec3e782535a46c9c8a3210f19118c61add71fcea86b0ffd491"
    },
    "@std/collections@1.1.6": {
      "integrity": "b458160ce65ea5ad35da05d0a5cbee4b583677c8b443a10d7beb0c4ac63f2baa"
    },
    "@std/data-structures@1.0.10": {
      "integrity": "f574f86b0e07c69b9edc555fcc814b57d29258bad39fd5a34ba8a80ecf033cfe"
    },
    "@std/expect@1.0.18": {
      "integrity": "8566eab35200466f8609eb7e7aed062ed0db314e9a258d5d201b1b8997ce801a",
      "dependencies": [
        "jsr:@std/assert@^1.0.19",
        "jsr:@std/internal",
        "jsr:@std/path@^1.1.4"
      ]
    },
    "@std/fs@1.0.23": {
      "integrity": "3ecbae4ce4fee03b180fa710caff36bb5adb66631c46a6460aaad49515565a37",
      "dependencies": [
        "jsr:@std/path@^1.1.4"
      ]
    },
    "@std/ini@0.225.2": {
      "integrity": "c70f6560dacb7e333c2f868aa09aaa4117e6618cc66c60d0b4ca716c135c8e67"
    },
    "@std/internal@1.0.12": {
      "integrity": "972a634fd5bc34b242024402972cd5143eac68d8dffaca5eaa4dba30ce17b027"
    },
    "@std/json@1.0.2": {
      "integrity": "d9e5497801c15fb679f55a2c01c7794ad7a5dfda4dd1bebab5e409cb5e0d34d4"
    },
    "@std/json@1.0.3": {
      "integrity": "97d5710996293a027b7aa5f0d1f4fa29f246f269e6b5597e08807613f37d426c"
    },
    "@std/jsonc@1.0.2": {
      "integrity": "909605dae3af22bd75b1cbda8d64a32cf1fd2cf6efa3f9e224aba6d22c0f44c7",
      "dependencies": [
        "jsr:@std/json"
      ]
    },
    "@std/path@1.1.4": {
      "integrity": "1d2d43f39efb1b42f0b1882a25486647cb851481862dc7313390b2bb044314b5",
      "dependencies": [
        "jsr:@std/internal"
      ]
    },
    "@std/testing@1.0.17": {
      "integrity": "87bdc2700fa98249d48a17cd72413352d3d3680dcfbdb64947fd0982d6bbf681",
      "dependencies": [
        "jsr:@std/assert@^1.0.17",
        "jsr:@std/async",
        "jsr:@std/data-structures",
        "jsr:@std/fs",
        "jsr:@std/internal",
        "jsr:@std/path@^1.1.4"
      ]
    },
    "@std/toml@1.0.11": {
      "integrity": "e084988b872ca4bad6aedfb7350f6eeed0e8ba88e9ee5e1590621c5b5bb8f715",
      "dependencies": [
        "jsr:@std/collections"
      ]
    },
    "@std/yaml@1.0.12": {
      "integrity": "7deabca4545bcedd07c5f69ea53acea71b8b4c67562f224e17b90d75944cb20c"
    },
    "@zod/zod@4.3.6": {
      "integrity": "7144e5e11f8ffc3cf6e2fca624f6597a8762898aac9868cc8938e9398b96ffe4"
    }
  },
  "workspace": {
    "dependencies": [
      "jsr:@cross/fs@~0.1.14",
      "jsr:@libs/xml@^7.0.3",
      "jsr:@std/assert@^1.0.18",
      "jsr:@std/expect@^1.0.17",
      "jsr:@std/ini@~0.225.2",
      "jsr:@std/jsonc@^1.0.2",
      "jsr:@std/path@^1.1.4",
      "jsr:@std/testing@^1.0.17",
      "jsr:@std/toml@^1.0.11",
      "jsr:@std/yaml@^1.0.11",
      "jsr:@zod/zod@^4.3.6"
    ]
  }
}
